
Microsoft Visual Studio Solution File, Format Version 11.00
# Visual Studio 2010
Project("{E24C65DC-7377-472B-9ABA-BC803B73C61A}") = "pizzeria", "..\..\WebSites\pizzeria\", "{8CD37156-6174-438E-BF48-C13B321187BB}"
	ProjectSection(WebsiteProperties) = preProject
		TargetFrameworkMoniker = ".NETFramework,Version%3Dv4.0"
		Debug.AspNetCompiler.VirtualPath = "/pizzeria"
		Debug.AspNetCompiler.PhysicalPath = "..\..\WebSites\pizzeria\"
		Debug.AspNetCompiler.TargetPath = "PrecompiledWeb\pizzeria\"
		Debug.AspNetCompiler.Updateable = "true"
		Debug.AspNetCompiler.ForceOverwrite = "true"
		Debug.AspNetCompiler.FixedNames = "false"
		Debug.AspNetCompiler.Debug = "True"
		Release.AspNetCompiler.VirtualPath = "/pizzeria"
		Release.AspNetCompiler.PhysicalPath = "..\..\WebSites\pizzeria\"
		Release.AspNetCompiler.TargetPath = "PrecompiledWeb\pizzeria\"
		Release.AspNetCompiler.Updateable = "true"
		Release.AspNetCompiler.ForceOverwrite = "true"
		Release.AspNetCompiler.FixedNames = "false"
		Release.AspNetCompiler.Debug = "False"
		VWDPort = "58636"
	EndProjectSection
EndProject
Global
	GlobalSection(SolutionConfigurationPlatforms) = preSolution
		Debug|Any CPU = Debug|Any CPU
	EndGlobalSection
	GlobalSection(ProjectConfigurationPlatforms) = postSolution
		{8CD37156-6174-438E-BF48-C13B321187BB}.Debug|Any CPU.ActiveCfg = Debug|Any CPU
		{8CD37156-6174-438E-BF48-C13B321187BB}.Debug|Any CPU.Build.0 = Debug|Any CPU
	EndGlobalSection
	GlobalSection(SolutionProperties) = preSolution
		HideSolutionNode = FALSE
	EndGlobalSection
EndGlobal
